
Microsoft Visual Studio Solution File, Format Version 12.00
# Visual Studio Version 16
VisualStudioVersion = 16.0.30907.101
MinimumVisualStudioVersion = 10.0.40219.1
Project("{FAE04EC0-301F-11D3-BF4B-00C04F79EFBC}") = "Havells_Plugin", "Havells_Plugin\Havells_Plugin.csproj", "{14371673-3FFB-4F3A-A31C-2C5E9E924670}"
EndProject
Global
	GlobalSection(SolutionConfigurationPlatforms) = preSolution
		Debug|Any CPU = Debug|Any CPU
		Release|Any CPU = Release|Any CPU
	EndGlobalSection
	GlobalSection(ProjectConfigurationPlatforms) = postSolution
		{14371673-3FFB-4F3A-A31C-2C5E9E924670}.Debug|Any CPU.ActiveCfg = Release|Any CPU
		{14371673-3FFB-4F3A-A31C-2C5E9E924670}.Debug|Any CPU.Build.0 = Release|Any CPU
		{14371673-3FFB-4F3A-A31C-2C5E9E924670}.Release|Any CPU.ActiveCfg = Release|Any CPU
		{14371673-3FFB-4F3A-A31C-2C5E9E924670}.Release|Any CPU.Build.0 = Release|Any CPU
	EndGlobalSection
	GlobalSection(SolutionProperties) = preSolution
		HideSolutionNode = FALSE
	EndGlobalSection
	GlobalSection(ExtensibilityGlobals) = postSolution
		SolutionGuid = {40E807C5-966E-4AF1-A25C-9D915C9049FF}
	EndGlobalSection
	GlobalSection(TeamFoundationVersionControl) = preSolution
		SccNumberOfProjects = 2
		SccEnterpriseProvider = {4CA58AB2-18FA-4F8D-95D4-32DDF27D184C}
		SccTeamFoundationServer = http://tfs.havells.com:8080/tfs/hil-microsoftdynamics
		SccLocalPath0 = .
		SccProjectUniqueName1 = Havells_Plugin\\Havells_Plugin.csproj
		SccProjectName1 = Havells_Plugin
		SccLocalPath1 = Havells_Plugin
	EndGlobalSection
EndGlobal
